{
  "version": 4,
  "terraform_version": "0.12.24",
  "serial": 36,
  "lineage": "b33e000c-4bab-1dfc-e434-9da17e7405f8",
  "outputs": {},
  "resources": [
    {
      "mode": "managed",
      "type": "azurerm_local_network_gateway",
      "name": "MDSVPN_Local_onpremise4",
      "provider": "provider.azurerm",
      "instances": [
        {
          "schema_version": 0,
          "attributes": {
            "address_space": [
              "10.1.1.0/24"
            ],
            "bgp_settings": [],
            "gateway_address": "168.62.225.23",
            "id": "/subscriptions/0b97f93e-03fa-49ab-a749-a10c33756e8e/resourceGroups/MDSVPNGWT/providers/Microsoft.Network/localNetworkGateways/Local-GTWY-onpremise",
            "location": "eastus",
            "name": "Local-GTWY-onpremise",
            "resource_group_name": "MDSVPNGWT",
            "tags": {},
            "timeouts": null
          },
          "private": "eyJlMmJmYjczMC1lY2FhLTExZTYtOGY4OC0zNDM2M2JjN2M0YzAiOnsiY3JlYXRlIjoxODAwMDAwMDAwMDAwLCJkZWxldGUiOjE4MDAwMDAwMDAwMDAsInJlYWQiOjMwMDAwMDAwMDAwMCwidXBkYXRlIjoxODAwMDAwMDAwMDAwfX0=",
          "dependencies": [
            "azurerm_resource_group.MDSVPN"
          ]
        }
      ]
    },
    {
      "mode": "managed",
      "type": "azurerm_network_interface",
      "name": "MDSNIC",
      "provider": "provider.azurerm",
      "instances": [
        {
          "schema_version": 0,
          "attributes": {
            "applied_dns_servers": [],
            "dns_servers": [],
            "enable_accelerated_networking": false,
            "enable_ip_forwarding": false,
            "id": "/subscriptions/0b97f93e-03fa-49ab-a749-a10c33756e8e/resourceGroups/us/providers/Microsoft.Network/networkInterfaces/MDS_us-nic",
            "internal_dns_name_label": "",
            "ip_configuration": [
              {
                "name": "testconfiguration1",
                "primary": true,
                "private_ip_address": "10.0.2.4",
                "private_ip_address_allocation": "Dynamic",
                "private_ip_address_version": "IPv4",
                "public_ip_address_id": "",
                "subnet_id": "/subscriptions/0b97f93e-03fa-49ab-a749-a10c33756e8e/resourceGroups/us/providers/Microsoft.Network/virtualNetworks/us/subnets/MDS_us-internal"
              }
            ],
            "location": "eastus",
            "mac_address": "00-0D-3A-99-B8-A9",
            "name": "MDS_us-nic",
            "private_ip_address": "10.0.2.4",
            "private_ip_addresses": [
              "10.0.2.4"
            ],
            "resource_group_name": "us",
            "tags": {},
            "timeouts": null,
            "virtual_machine_id": "/subscriptions/0b97f93e-03fa-49ab-a749-a10c33756e8e/resourceGroups/us/providers/Microsoft.Compute/virtualMachines/MDS_us-vm"
          },
          "private": "eyJlMmJmYjczMC1lY2FhLTExZTYtOGY4OC0zNDM2M2JjN2M0YzAiOnsiY3JlYXRlIjoxODAwMDAwMDAwMDAwLCJkZWxldGUiOjE4MDAwMDAwMDAwMDAsInJlYWQiOjMwMDAwMDAwMDAwMCwidXBkYXRlIjoxODAwMDAwMDAwMDAwfX0=",
          "dependencies": [
            "azurerm_resource_group.MDS_us",
            "azurerm_subnet.internal",
            "azurerm_virtual_network.MDS_us_vnet"
          ]
        }
      ]
    },
    {
      "mode": "managed",
      "type": "azurerm_network_interface",
      "name": "MDSNIC2",
      "provider": "provider.azurerm",
      "instances": []
    },
    {
      "mode": "managed",
      "type": "azurerm_public_ip",
      "name": "MDSVPN_PIP4",
      "provider": "provider.azurerm",
      "instances": [
        {
          "schema_version": 0,
          "attributes": {
            "allocation_method": "Dynamic",
            "domain_name_label": null,
            "fqdn": null,
            "id": "/subscriptions/0b97f93e-03fa-49ab-a749-a10c33756e8e/resourceGroups/MDSVPNGWT/providers/Microsoft.Network/publicIPAddresses/public-IP4-VPN",
            "idle_timeout_in_minutes": 4,
            "ip_address": "13.82.233.20",
            "ip_version": "IPv4",
            "location": "eastus",
            "name": "public-IP4-VPN",
            "public_ip_prefix_id": null,
            "resource_group_name": "MDSVPNGWT",
            "reverse_fqdn": null,
            "sku": "Basic",
            "tags": {},
            "timeouts": null,
            "zones": []
          },
          "private": "eyJlMmJmYjczMC1lY2FhLTExZTYtOGY4OC0zNDM2M2JjN2M0YzAiOnsiY3JlYXRlIjoxODAwMDAwMDAwMDAwLCJkZWxldGUiOjE4MDAwMDAwMDAwMDAsInJlYWQiOjMwMDAwMDAwMDAwMCwidXBkYXRlIjoxODAwMDAwMDAwMDAwfX0=",
          "dependencies": [
            "azurerm_resource_group.MDSVPN"
          ]
        }
      ]
    },
    {
      "mode": "managed",
      "type": "azurerm_public_ip",
      "name": "MDS_PIP_europe",
      "provider": "provider.azurerm",
      "instances": [
        {
          "schema_version": 0,
          "attributes": {
            "allocation_method": "Dynamic",
            "domain_name_label": null,
            "fqdn": null,
            "id": "/subscriptions/0b97f93e-03fa-49ab-a749-a10c33756e8e/resourceGroups/europe/providers/Microsoft.Network/publicIPAddresses/europe",
            "idle_timeout_in_minutes": 4,
            "ip_address": "13.94.139.167",
            "ip_version": "IPv4",
            "location": "westeurope",
            "name": "europe",
            "public_ip_prefix_id": null,
            "resource_group_name": "europe",
            "reverse_fqdn": null,
            "sku": "Basic",
            "tags": {},
            "timeouts": null,
            "zones": []
          },
          "private": "eyJlMmJmYjczMC1lY2FhLTExZTYtOGY4OC0zNDM2M2JjN2M0YzAiOnsiY3JlYXRlIjoxODAwMDAwMDAwMDAwLCJkZWxldGUiOjE4MDAwMDAwMDAwMDAsInJlYWQiOjMwMDAwMDAwMDAwMCwidXBkYXRlIjoxODAwMDAwMDAwMDAwfX0=",
          "dependencies": [
            "azurerm_resource_group.MDS_europe"
          ]
        }
      ]
    },
    {
      "mode": "managed",
      "type": "azurerm_public_ip",
      "name": "MDS_PIP_us",
      "provider": "provider.azurerm",
      "instances": [
        {
          "schema_version": 0,
          "attributes": {
            "allocation_method": "Dynamic",
            "domain_name_label": null,
            "fqdn": null,
            "id": "/subscriptions/0b97f93e-03fa-49ab-a749-a10c33756e8e/resourceGroups/us/providers/Microsoft.Network/publicIPAddresses/us",
            "idle_timeout_in_minutes": 4,
            "ip_address": "13.92.42.53",
            "ip_version": "IPv4",
            "location": "eastus",
            "name": "us",
            "public_ip_prefix_id": null,
            "resource_group_name": "us",
            "reverse_fqdn": null,
            "sku": "Basic",
            "tags": {},
            "timeouts": null,
            "zones": []
          },
          "private": "eyJlMmJmYjczMC1lY2FhLTExZTYtOGY4OC0zNDM2M2JjN2M0YzAiOnsiY3JlYXRlIjoxODAwMDAwMDAwMDAwLCJkZWxldGUiOjE4MDAwMDAwMDAwMDAsInJlYWQiOjMwMDAwMDAwMDAwMCwidXBkYXRlIjoxODAwMDAwMDAwMDAwfX0=",
          "dependencies": [
            "azurerm_resource_group.MDS_us"
          ]
        }
      ]
    },
    {
      "mode": "managed",
      "type": "azurerm_resource_group",
      "name": "MDSVPN",
      "provider": "provider.azurerm",
      "instances": [
        {
          "schema_version": 0,
          "attributes": {
            "id": "/subscriptions/0b97f93e-03fa-49ab-a749-a10c33756e8e/resourceGroups/MDSVPNGWT",
            "location": "eastus",
            "name": "MDSVPNGWT",
            "tags": {},
            "timeouts": null
          },
          "private": "eyJlMmJmYjczMC1lY2FhLTExZTYtOGY4OC0zNDM2M2JjN2M0YzAiOnsiY3JlYXRlIjo1NDAwMDAwMDAwMDAwLCJkZWxldGUiOjU0MDAwMDAwMDAwMDAsInJlYWQiOjMwMDAwMDAwMDAwMCwidXBkYXRlIjo1NDAwMDAwMDAwMDAwfX0="
        }
      ]
    },
    {
      "mode": "managed",
      "type": "azurerm_resource_group",
      "name": "MDS_europe",
      "provider": "provider.azurerm",
      "instances": [
        {
          "schema_version": 0,
          "attributes": {
            "id": "/subscriptions/0b97f93e-03fa-49ab-a749-a10c33756e8e/resourceGroups/europe",
            "location": "westeurope",
            "name": "europe",
            "tags": {},
            "timeouts": null
          },
          "private": "eyJlMmJmYjczMC1lY2FhLTExZTYtOGY4OC0zNDM2M2JjN2M0YzAiOnsiY3JlYXRlIjo1NDAwMDAwMDAwMDAwLCJkZWxldGUiOjU0MDAwMDAwMDAwMDAsInJlYWQiOjMwMDAwMDAwMDAwMCwidXBkYXRlIjo1NDAwMDAwMDAwMDAwfX0="
        }
      ]
    },
    {
      "mode": "managed",
      "type": "azurerm_resource_group",
      "name": "MDS_us",
      "provider": "provider.azurerm",
      "instances": [
        {
          "schema_version": 0,
          "attributes": {
            "id": "/subscriptions/0b97f93e-03fa-49ab-a749-a10c33756e8e/resourceGroups/us",
            "location": "eastus",
            "name": "us",
            "tags": {},
            "timeouts": null
          },
          "private": "eyJlMmJmYjczMC1lY2FhLTExZTYtOGY4OC0zNDM2M2JjN2M0YzAiOnsiY3JlYXRlIjo1NDAwMDAwMDAwMDAwLCJkZWxldGUiOjU0MDAwMDAwMDAwMDAsInJlYWQiOjMwMDAwMDAwMDAwMCwidXBkYXRlIjo1NDAwMDAwMDAwMDAwfX0="
        }
      ]
    },
    {
      "mode": "managed",
      "type": "azurerm_subnet",
      "name": "MDSVPN_subnet",
      "provider": "provider.azurerm",
      "instances": [
        {
          "schema_version": 0,
          "attributes": {
            "address_prefix": "10.0.1.0/24",
            "delegation": [],
            "enforce_private_link_endpoint_network_policies": false,
            "enforce_private_link_service_network_policies": false,
            "id": "/subscriptions/0b97f93e-03fa-49ab-a749-a10c33756e8e/resourceGroups/MDSVPNGWT/providers/Microsoft.Network/virtualNetworks/MDSVPN-vnet/subnets/GatewaySubnet",
            "name": "GatewaySubnet",
            "resource_group_name": "MDSVPNGWT",
            "service_endpoints": [],
            "timeouts": null,
            "virtual_network_name": "MDSVPN-vnet"
          },
          "private": "eyJlMmJmYjczMC1lY2FhLTExZTYtOGY4OC0zNDM2M2JjN2M0YzAiOnsiY3JlYXRlIjoxODAwMDAwMDAwMDAwLCJkZWxldGUiOjE4MDAwMDAwMDAwMDAsInJlYWQiOjMwMDAwMDAwMDAwMCwidXBkYXRlIjoxODAwMDAwMDAwMDAwfX0=",
          "dependencies": [
            "azurerm_resource_group.MDSVPN",
            "azurerm_virtual_network.MDSVET4"
          ]
        }
      ]
    },
    {
      "mode": "managed",
      "type": "azurerm_subnet",
      "name": "MDS_europe_subnet",
      "provider": "provider.azurerm",
      "instances": [
        {
          "schema_version": 0,
          "attributes": {
            "address_prefix": "10.1.1.0/24",
            "delegation": [],
            "enforce_private_link_endpoint_network_policies": false,
            "enforce_private_link_service_network_policies": false,
            "id": "/subscriptions/0b97f93e-03fa-49ab-a749-a10c33756e8e/resourceGroups/europe/providers/Microsoft.Network/virtualNetworks/europe/subnets/GatewaySubnet",
            "name": "GatewaySubnet",
            "resource_group_name": "europe",
            "service_endpoints": [],
            "timeouts": null,
            "virtual_network_name": "europe"
          },
          "private": "eyJlMmJmYjczMC1lY2FhLTExZTYtOGY4OC0zNDM2M2JjN2M0YzAiOnsiY3JlYXRlIjoxODAwMDAwMDAwMDAwLCJkZWxldGUiOjE4MDAwMDAwMDAwMDAsInJlYWQiOjMwMDAwMDAwMDAwMCwidXBkYXRlIjoxODAwMDAwMDAwMDAwfX0=",
          "dependencies": [
            "azurerm_resource_group.MDS_europe",
            "azurerm_virtual_network.MDS_europe_net"
          ]
        }
      ]
    },
    {
      "mode": "managed",
      "type": "azurerm_subnet",
      "name": "MDS_us_subnet",
      "provider": "provider.azurerm",
      "instances": [
        {
          "schema_version": 0,
          "attributes": {
            "address_prefix": "10.0.1.0/24",
            "delegation": [],
            "enforce_private_link_endpoint_network_policies": false,
            "enforce_private_link_service_network_policies": false,
            "id": "/subscriptions/0b97f93e-03fa-49ab-a749-a10c33756e8e/resourceGroups/us/providers/Microsoft.Network/virtualNetworks/us/subnets/GatewaySubnet",
            "name": "GatewaySubnet",
            "resource_group_name": "us",
            "service_endpoints": [],
            "timeouts": null,
            "virtual_network_name": "us"
          },
          "private": "eyJlMmJmYjczMC1lY2FhLTExZTYtOGY4OC0zNDM2M2JjN2M0YzAiOnsiY3JlYXRlIjoxODAwMDAwMDAwMDAwLCJkZWxldGUiOjE4MDAwMDAwMDAwMDAsInJlYWQiOjMwMDAwMDAwMDAwMCwidXBkYXRlIjoxODAwMDAwMDAwMDAwfX0=",
          "dependencies": [
            "azurerm_resource_group.MDS_us",
            "azurerm_virtual_network.MDS_us_vnet"
          ]
        }
      ]
    },
    {
      "mode": "managed",
      "type": "azurerm_subnet",
      "name": "internal",
      "provider": "provider.azurerm",
      "instances": [
        {
          "schema_version": 0,
          "attributes": {
            "address_prefix": "10.0.2.0/24",
            "delegation": [],
            "enforce_private_link_endpoint_network_policies": false,
            "enforce_private_link_service_network_policies": false,
            "id": "/subscriptions/0b97f93e-03fa-49ab-a749-a10c33756e8e/resourceGroups/us/providers/Microsoft.Network/virtualNetworks/us/subnets/MDS_us-internal",
            "name": "MDS_us-internal",
            "resource_group_name": "us",
            "service_endpoints": [],
            "timeouts": null,
            "virtual_network_name": "us"
          },
          "private": "eyJlMmJmYjczMC1lY2FhLTExZTYtOGY4OC0zNDM2M2JjN2M0YzAiOnsiY3JlYXRlIjoxODAwMDAwMDAwMDAwLCJkZWxldGUiOjE4MDAwMDAwMDAwMDAsInJlYWQiOjMwMDAwMDAwMDAwMCwidXBkYXRlIjoxODAwMDAwMDAwMDAwfX0=",
          "dependencies": [
            "azurerm_resource_group.MDS_us",
            "azurerm_virtual_network.MDS_us_vnet"
          ]
        }
      ]
    },
    {
      "mode": "managed",
      "type": "azurerm_virtual_machine",
      "name": "MDSVM01",
      "provider": "provider.azurerm",
      "instances": [
        {
          "schema_version": 0,
          "attributes": {
            "additional_capabilities": [],
            "availability_set_id": null,
            "boot_diagnostics": [],
            "delete_data_disks_on_termination": false,
            "delete_os_disk_on_termination": false,
            "id": "/subscriptions/0b97f93e-03fa-49ab-a749-a10c33756e8e/resourceGroups/us/providers/Microsoft.Compute/virtualMachines/MDS_us-vm",
            "identity": [],
            "license_type": null,
            "location": "eastus",
            "name": "MDS_us-vm",
            "network_interface_ids": [
              "/subscriptions/0b97f93e-03fa-49ab-a749-a10c33756e8e/resourceGroups/us/providers/Microsoft.Network/networkInterfaces/MDS_us-nic"
            ],
            "os_profile": [
              {
                "admin_password": "",
                "admin_username": "testadmin",
                "computer_name": "MDSVM",
                "custom_data": ""
              }
            ],
            "os_profile_linux_config": [
              {
                "disable_password_authentication": false,
                "ssh_keys": []
              }
            ],
            "os_profile_secrets": [],
            "os_profile_windows_config": [],
            "plan": [],
            "primary_network_interface_id": null,
            "proximity_placement_group_id": null,
            "resource_group_name": "us",
            "storage_data_disk": [],
            "storage_image_reference": [
              {
                "id": "",
                "offer": "UbuntuServer",
                "publisher": "Canonical",
                "sku": "18.04-LTS",
                "version": "latest"
              }
            ],
            "storage_os_disk": [
              {
                "caching": "ReadWrite",
                "create_option": "FromImage",
                "disk_size_gb": 30,
                "image_uri": "",
                "managed_disk_id": "/subscriptions/0b97f93e-03fa-49ab-a749-a10c33756e8e/resourceGroups/US/providers/Microsoft.Compute/disks/MDSosdisk1",
                "managed_disk_type": "Standard_LRS",
                "name": "MDSosdisk1",
                "os_type": "Linux",
                "vhd_uri": "",
                "write_accelerator_enabled": false
              }
            ],
            "tags": {
              "environment": "staging"
            },
            "timeouts": null,
            "vm_size": "Standard_DS1_v2",
            "zones": []
          },
          "private": "eyJlMmJmYjczMC1lY2FhLTExZTYtOGY4OC0zNDM2M2JjN2M0YzAiOnsiY3JlYXRlIjozNjAwMDAwMDAwMDAwLCJkZWxldGUiOjM2MDAwMDAwMDAwMDAsInJlYWQiOjMwMDAwMDAwMDAwMCwidXBkYXRlIjozNjAwMDAwMDAwMDAwfX0=",
          "dependencies": [
            "azurerm_network_interface.MDSNIC",
            "azurerm_resource_group.MDS_us",
            "azurerm_subnet.internal",
            "azurerm_virtual_network.MDS_us_vnet"
          ]
        }
      ]
    },
    {
      "mode": "managed",
      "type": "azurerm_virtual_network",
      "name": "MDSVET4",
      "provider": "provider.azurerm",
      "instances": [
        {
          "schema_version": 0,
          "attributes": {
            "address_space": [
              "10.0.0.0/16"
            ],
            "ddos_protection_plan": [],
            "dns_servers": [],
            "id": "/subscriptions/0b97f93e-03fa-49ab-a749-a10c33756e8e/resourceGroups/MDSVPNGWT/providers/Microsoft.Network/virtualNetworks/MDSVPN-vnet",
            "location": "eastus",
            "name": "MDSVPN-vnet",
            "resource_group_name": "MDSVPNGWT",
            "subnet": [
              {
                "address_prefix": "10.0.1.0/24",
                "id": "/subscriptions/0b97f93e-03fa-49ab-a749-a10c33756e8e/resourceGroups/MDSVPNGWT/providers/Microsoft.Network/virtualNetworks/MDSVPN-vnet/subnets/GatewaySubnet",
                "name": "GatewaySubnet",
                "security_group": ""
              }
            ],
            "tags": {},
            "timeouts": null
          },
          "private": "eyJlMmJmYjczMC1lY2FhLTExZTYtOGY4OC0zNDM2M2JjN2M0YzAiOnsiY3JlYXRlIjoxODAwMDAwMDAwMDAwLCJkZWxldGUiOjE4MDAwMDAwMDAwMDAsInJlYWQiOjMwMDAwMDAwMDAwMCwidXBkYXRlIjoxODAwMDAwMDAwMDAwfX0=",
          "dependencies": [
            "azurerm_resource_group.MDSVPN"
          ]
        }
      ]
    },
    {
      "mode": "managed",
      "type": "azurerm_virtual_network",
      "name": "MDS_europe_net",
      "provider": "provider.azurerm",
      "instances": [
        {
          "schema_version": 0,
          "attributes": {
            "address_space": [
              "10.1.0.0/16"
            ],
            "ddos_protection_plan": [],
            "dns_servers": [],
            "id": "/subscriptions/0b97f93e-03fa-49ab-a749-a10c33756e8e/resourceGroups/europe/providers/Microsoft.Network/virtualNetworks/europe",
            "location": "westeurope",
            "name": "europe",
            "resource_group_name": "europe",
            "subnet": [
              {
                "address_prefix": "10.1.1.0/24",
                "id": "/subscriptions/0b97f93e-03fa-49ab-a749-a10c33756e8e/resourceGroups/europe/providers/Microsoft.Network/virtualNetworks/europe/subnets/GatewaySubnet",
                "name": "GatewaySubnet",
                "security_group": ""
              }
            ],
            "tags": {},
            "timeouts": null
          },
          "private": "eyJlMmJmYjczMC1lY2FhLTExZTYtOGY4OC0zNDM2M2JjN2M0YzAiOnsiY3JlYXRlIjoxODAwMDAwMDAwMDAwLCJkZWxldGUiOjE4MDAwMDAwMDAwMDAsInJlYWQiOjMwMDAwMDAwMDAwMCwidXBkYXRlIjoxODAwMDAwMDAwMDAwfX0=",
          "dependencies": [
            "azurerm_resource_group.MDS_europe"
          ]
        }
      ]
    },
    {
      "mode": "managed",
      "type": "azurerm_virtual_network",
      "name": "MDS_us_vnet",
      "provider": "provider.azurerm",
      "instances": [
        {
          "schema_version": 0,
          "attributes": {
            "address_space": [
              "10.0.0.0/16"
            ],
            "ddos_protection_plan": [],
            "dns_servers": [],
            "id": "/subscriptions/0b97f93e-03fa-49ab-a749-a10c33756e8e/resourceGroups/us/providers/Microsoft.Network/virtualNetworks/us",
            "location": "eastus",
            "name": "us",
            "resource_group_name": "us",
            "subnet": [
              {
                "address_prefix": "10.0.1.0/24",
                "id": "/subscriptions/0b97f93e-03fa-49ab-a749-a10c33756e8e/resourceGroups/us/providers/Microsoft.Network/virtualNetworks/us/subnets/GatewaySubnet",
                "name": "GatewaySubnet",
                "security_group": ""
              },
              {
                "address_prefix": "10.0.2.0/24",
                "id": "/subscriptions/0b97f93e-03fa-49ab-a749-a10c33756e8e/resourceGroups/us/providers/Microsoft.Network/virtualNetworks/us/subnets/MDS_us-internal",
                "name": "MDS_us-internal",
                "security_group": ""
              }
            ],
            "tags": {},
            "timeouts": null
          },
          "private": "eyJlMmJmYjczMC1lY2FhLTExZTYtOGY4OC0zNDM2M2JjN2M0YzAiOnsiY3JlYXRlIjoxODAwMDAwMDAwMDAwLCJkZWxldGUiOjE4MDAwMDAwMDAwMDAsInJlYWQiOjMwMDAwMDAwMDAwMCwidXBkYXRlIjoxODAwMDAwMDAwMDAwfX0=",
          "dependencies": [
            "azurerm_resource_group.MDS_us"
          ]
        }
      ]
    },
    {
      "mode": "managed",
      "type": "azurerm_virtual_network_gateway",
      "name": "MDSVPN_VPN",
      "provider": "provider.azurerm",
      "instances": [
        {
          "schema_version": 0,
          "attributes": {
            "active_active": false,
            "bgp_settings": [
              {
                "asn": 65515,
                "peer_weight": 0,
                "peering_address": "10.0.1.254"
              }
            ],
            "default_local_network_gateway_id": null,
            "enable_bgp": false,
            "generation": "Generation1",
            "id": "/subscriptions/0b97f93e-03fa-49ab-a749-a10c33756e8e/resourceGroups/MDSVPNGWT/providers/Microsoft.Network/virtualNetworkGateways/MDSVPN-4",
            "ip_configuration": [
              {
                "name": "vnetGatewayConfig",
                "private_ip_address_allocation": "Dynamic",
                "public_ip_address_id": "/subscriptions/0b97f93e-03fa-49ab-a749-a10c33756e8e/resourceGroups/MDSVPNGWT/providers/Microsoft.Network/publicIPAddresses/public-IP4-VPN",
                "subnet_id": "/subscriptions/0b97f93e-03fa-49ab-a749-a10c33756e8e/resourceGroups/MDSVPNGWT/providers/Microsoft.Network/virtualNetworks/MDSVPN-vnet/subnets/GatewaySubnet"
              }
            ],
            "location": "eastus",
            "name": "MDSVPN-4",
            "resource_group_name": "MDSVPNGWT",
            "sku": "Basic",
            "tags": {},
            "timeouts": null,
            "type": "Vpn",
            "vpn_client_configuration": [],
            "vpn_type": "RouteBased"
          },
          "private": "eyJlMmJmYjczMC1lY2FhLTExZTYtOGY4OC0zNDM2M2JjN2M0YzAiOnsiY3JlYXRlIjozNjAwMDAwMDAwMDAwLCJkZWxldGUiOjM2MDAwMDAwMDAwMDAsInJlYWQiOjMwMDAwMDAwMDAwMCwidXBkYXRlIjozNjAwMDAwMDAwMDAwfX0=",
          "dependencies": [
            "azurerm_public_ip.MDSVPN_PIP4",
            "azurerm_resource_group.MDSVPN",
            "azurerm_subnet.MDSVPN_subnet",
            "azurerm_virtual_network.MDSVET4"
          ]
        }
      ]
    },
    {
      "mode": "managed",
      "type": "azurerm_virtual_network_gateway",
      "name": "MDS_europe_gatewy",
      "provider": "provider.azurerm",
      "instances": [
        {
          "schema_version": 0,
          "attributes": {
            "active_active": false,
            "bgp_settings": [
              {
                "asn": 65515,
                "peer_weight": 0,
                "peering_address": "10.1.1.254"
              }
            ],
            "default_local_network_gateway_id": null,
            "enable_bgp": false,
            "generation": "Generation1",
            "id": "/subscriptions/0b97f93e-03fa-49ab-a749-a10c33756e8e/resourceGroups/europe/providers/Microsoft.Network/virtualNetworkGateways/europe-gateway",
            "ip_configuration": [
              {
                "name": "vnetGatewayConfig",
                "private_ip_address_allocation": "Dynamic",
                "public_ip_address_id": "/subscriptions/0b97f93e-03fa-49ab-a749-a10c33756e8e/resourceGroups/europe/providers/Microsoft.Network/publicIPAddresses/europe",
                "subnet_id": "/subscriptions/0b97f93e-03fa-49ab-a749-a10c33756e8e/resourceGroups/europe/providers/Microsoft.Network/virtualNetworks/europe/subnets/GatewaySubnet"
              }
            ],
            "location": "westeurope",
            "name": "europe-gateway",
            "resource_group_name": "europe",
            "sku": "Basic",
            "tags": {},
            "timeouts": null,
            "type": "Vpn",
            "vpn_client_configuration": [],
            "vpn_type": "RouteBased"
          },
          "private": "eyJlMmJmYjczMC1lY2FhLTExZTYtOGY4OC0zNDM2M2JjN2M0YzAiOnsiY3JlYXRlIjozNjAwMDAwMDAwMDAwLCJkZWxldGUiOjM2MDAwMDAwMDAwMDAsInJlYWQiOjMwMDAwMDAwMDAwMCwidXBkYXRlIjozNjAwMDAwMDAwMDAwfX0=",
          "dependencies": [
            "azurerm_public_ip.MDS_PIP_europe",
            "azurerm_resource_group.MDS_europe",
            "azurerm_subnet.MDS_europe_subnet",
            "azurerm_virtual_network.MDS_europe_net"
          ]
        }
      ]
    },
    {
      "mode": "managed",
      "type": "azurerm_virtual_network_gateway",
      "name": "MDS_us_Gateway",
      "provider": "provider.azurerm",
      "instances": [
        {
          "schema_version": 0,
          "attributes": {
            "active_active": false,
            "bgp_settings": [
              {
                "asn": 65515,
                "peer_weight": 0,
                "peering_address": "10.0.1.254"
              }
            ],
            "default_local_network_gateway_id": null,
            "enable_bgp": false,
            "generation": "Generation1",
            "id": "/subscriptions/0b97f93e-03fa-49ab-a749-a10c33756e8e/resourceGroups/us/providers/Microsoft.Network/virtualNetworkGateways/us-gateway",
            "ip_configuration": [
              {
                "name": "vnetGatewayConfig",
                "private_ip_address_allocation": "Dynamic",
                "public_ip_address_id": "/subscriptions/0b97f93e-03fa-49ab-a749-a10c33756e8e/resourceGroups/us/providers/Microsoft.Network/publicIPAddresses/us",
                "subnet_id": "/subscriptions/0b97f93e-03fa-49ab-a749-a10c33756e8e/resourceGroups/us/providers/Microsoft.Network/virtualNetworks/us/subnets/GatewaySubnet"
              }
            ],
            "location": "eastus",
            "name": "us-gateway",
            "resource_group_name": "us",
            "sku": "Basic",
            "tags": {},
            "timeouts": null,
            "type": "Vpn",
            "vpn_client_configuration": [],
            "vpn_type": "RouteBased"
          },
          "private": "eyJlMmJmYjczMC1lY2FhLTExZTYtOGY4OC0zNDM2M2JjN2M0YzAiOnsiY3JlYXRlIjozNjAwMDAwMDAwMDAwLCJkZWxldGUiOjM2MDAwMDAwMDAwMDAsInJlYWQiOjMwMDAwMDAwMDAwMCwidXBkYXRlIjozNjAwMDAwMDAwMDAwfX0=",
          "dependencies": [
            "azurerm_public_ip.MDS_PIP_us",
            "azurerm_resource_group.MDS_us",
            "azurerm_subnet.MDS_us_subnet",
            "azurerm_virtual_network.MDS_us_vnet"
          ]
        }
      ]
    },
    {
      "mode": "managed",
      "type": "azurerm_virtual_network_gateway_connection",
      "name": "MDSVPN_onpremise",
      "provider": "provider.azurerm",
      "instances": [
        {
          "schema_version": 0,
          "attributes": {
            "authorization_key": null,
            "connection_protocol": "IKEv2",
            "enable_bgp": false,
            "express_route_circuit_id": null,
            "express_route_gateway_bypass": false,
            "id": "/subscriptions/0b97f93e-03fa-49ab-a749-a10c33756e8e/resourceGroups/MDSVPNGWT/providers/Microsoft.Network/connections/MDSVPN-CON-onpremise",
            "ipsec_policy": [],
            "local_network_gateway_id": "/subscriptions/0b97f93e-03fa-49ab-a749-a10c33756e8e/resourceGroups/MDSVPNGWT/providers/Microsoft.Network/localNetworkGateways/Local-GTWY-onpremise",
            "location": "eastus",
            "name": "MDSVPN-CON-onpremise",
            "peer_virtual_network_gateway_id": null,
            "resource_group_name": "MDSVPNGWT",
            "routing_weight": 0,
            "shared_key": "4-v3ry-53cr37-1p53c-5h4r3d-k3y",
            "tags": {},
            "timeouts": null,
            "type": "IPsec",
            "use_policy_based_traffic_selectors": false,
            "virtual_network_gateway_id": "/subscriptions/0b97f93e-03fa-49ab-a749-a10c33756e8e/resourceGroups/MDSVPNGWT/providers/Microsoft.Network/virtualNetworkGateways/MDSVPN-4"
          },
          "private": "eyJlMmJmYjczMC1lY2FhLTExZTYtOGY4OC0zNDM2M2JjN2M0YzAiOnsiY3JlYXRlIjoxODAwMDAwMDAwMDAwLCJkZWxldGUiOjE4MDAwMDAwMDAwMDAsInJlYWQiOjMwMDAwMDAwMDAwMCwidXBkYXRlIjoxODAwMDAwMDAwMDAwfX0=",
          "dependencies": [
            "azurerm_local_network_gateway.MDSVPN_Local_onpremise4",
            "azurerm_public_ip.MDSVPN_PIP4",
            "azurerm_resource_group.MDSVPN",
            "azurerm_subnet.MDSVPN_subnet",
            "azurerm_virtual_network.MDSVET4",
            "azurerm_virtual_network_gateway.MDSVPN_VPN"
          ]
        }
      ]
    },
    {
      "mode": "managed",
      "type": "azurerm_virtual_network_gateway_connection",
      "name": "MDS_europe_to_us",
      "provider": "provider.azurerm",
      "instances": [
        {
          "schema_version": 0,
          "attributes": {
            "authorization_key": null,
            "connection_protocol": "IKEv2",
            "enable_bgp": false,
            "express_route_circuit_id": null,
            "express_route_gateway_bypass": false,
            "id": "/subscriptions/0b97f93e-03fa-49ab-a749-a10c33756e8e/resourceGroups/europe/providers/Microsoft.Network/connections/europe-to-us",
            "ipsec_policy": [],
            "local_network_gateway_id": null,
            "location": "westeurope",
            "name": "europe-to-us",
            "peer_virtual_network_gateway_id": "/subscriptions/0b97f93e-03fa-49ab-a749-a10c33756e8e/resourceGroups/us/providers/Microsoft.Network/virtualNetworkGateways/us-gateway",
            "resource_group_name": "europe",
            "routing_weight": 0,
            "shared_key": "4-v3ry-53cr37-1p53c-5h4r3d-k3y",
            "tags": {},
            "timeouts": null,
            "type": "Vnet2Vnet",
            "use_policy_based_traffic_selectors": false,
            "virtual_network_gateway_id": "/subscriptions/0b97f93e-03fa-49ab-a749-a10c33756e8e/resourceGroups/europe/providers/Microsoft.Network/virtualNetworkGateways/europe-gateway"
          },
          "private": "eyJlMmJmYjczMC1lY2FhLTExZTYtOGY4OC0zNDM2M2JjN2M0YzAiOnsiY3JlYXRlIjoxODAwMDAwMDAwMDAwLCJkZWxldGUiOjE4MDAwMDAwMDAwMDAsInJlYWQiOjMwMDAwMDAwMDAwMCwidXBkYXRlIjoxODAwMDAwMDAwMDAwfX0=",
          "dependencies": [
            "azurerm_public_ip.MDS_PIP_europe",
            "azurerm_public_ip.MDS_PIP_us",
            "azurerm_resource_group.MDS_europe",
            "azurerm_resource_group.MDS_us",
            "azurerm_subnet.MDS_europe_subnet",
            "azurerm_subnet.MDS_us_subnet",
            "azurerm_virtual_network.MDS_europe_net",
            "azurerm_virtual_network.MDS_us_vnet",
            "azurerm_virtual_network_gateway.MDS_europe_gatewy",
            "azurerm_virtual_network_gateway.MDS_us_Gateway"
          ]
        }
      ]
    },
    {
      "mode": "managed",
      "type": "azurerm_virtual_network_gateway_connection",
      "name": "MDS_us_to_europe",
      "provider": "provider.azurerm",
      "instances": [
        {
          "schema_version": 0,
          "attributes": {
            "authorization_key": null,
            "connection_protocol": "IKEv2",
            "enable_bgp": false,
            "express_route_circuit_id": null,
            "express_route_gateway_bypass": false,
            "id": "/subscriptions/0b97f93e-03fa-49ab-a749-a10c33756e8e/resourceGroups/us/providers/Microsoft.Network/connections/us-to-europe",
            "ipsec_policy": [],
            "local_network_gateway_id": null,
            "location": "eastus",
            "name": "us-to-europe",
            "peer_virtual_network_gateway_id": "/subscriptions/0b97f93e-03fa-49ab-a749-a10c33756e8e/resourceGroups/europe/providers/Microsoft.Network/virtualNetworkGateways/europe-gateway",
            "resource_group_name": "us",
            "routing_weight": 0,
            "shared_key": "4-v3ry-53cr37-1p53c-5h4r3d-k3y",
            "tags": {},
            "timeouts": null,
            "type": "Vnet2Vnet",
            "use_policy_based_traffic_selectors": false,
            "virtual_network_gateway_id": "/subscriptions/0b97f93e-03fa-49ab-a749-a10c33756e8e/resourceGroups/us/providers/Microsoft.Network/virtualNetworkGateways/us-gateway"
          },
          "private": "eyJlMmJmYjczMC1lY2FhLTExZTYtOGY4OC0zNDM2M2JjN2M0YzAiOnsiY3JlYXRlIjoxODAwMDAwMDAwMDAwLCJkZWxldGUiOjE4MDAwMDAwMDAwMDAsInJlYWQiOjMwMDAwMDAwMDAwMCwidXBkYXRlIjoxODAwMDAwMDAwMDAwfX0=",
          "dependencies": [
            "azurerm_public_ip.MDS_PIP_europe",
            "azurerm_public_ip.MDS_PIP_us",
            "azurerm_resource_group.MDS_europe",
            "azurerm_resource_group.MDS_us",
            "azurerm_subnet.MDS_europe_subnet",
            "azurerm_subnet.MDS_us_subnet",
            "azurerm_virtual_network.MDS_europe_net",
            "azurerm_virtual_network.MDS_us_vnet",
            "azurerm_virtual_network_gateway.MDS_europe_gatewy",
            "azurerm_virtual_network_gateway.MDS_us_Gateway"
          ]
        }
      ]
    }
  ]
}
